// !$*UTF8*$!
{
	archiveVersion = 1;
	classes = {
	};
	objectVersion = 51;
	objects = {

/* Begin PBXBuildFile section */
		4EFC980B0829E05BE6ECA34F /* Pods_ShortMe.framework in Frameworks */ = {isa = PBXBuildFile; fileRef = B25CAFD7CEC8186AA5C63BD7 /* Pods_ShortMe.framework */; };
		5220429725AD6FEC00D569E0 /* ShortMeApp.swift in Sources */ = {isa = PBXBuildFile; fileRef = 5220429625AD6FEC00D569E0 /* ShortMeApp.swift */; };
		5220429925AD6FEC00D569E0 /* ContentView.swift in Sources */ = {isa = PBXBuildFile; fileRef = 5220429825AD6FEC00D569E0 /* ContentView.swift */; };
		5220429B25AD6FEC00D569E0 /* Assets.xcassets in Resources */ = {isa = PBXBuildFile; fileRef = 5220429A25AD6FEC00D569E0 /* Assets.xcassets */; };
		5220429E25AD6FEC00D569E0 /* Preview Assets.xcassets in Resources */ = {isa = PBXBuildFile; fileRef = 5220429D25AD6FEC00D569E0 /* Preview Assets.xcassets */; };
		526B748C25AD784A00E212B7 /* ShortMeView.swift in Sources */ = {isa = PBXBuildFile; fileRef = 526B748B25AD784A00E212B7 /* ShortMeView.swift */; };
		526B748F25AD789C00E212B7 /* HistoryView.swift in Sources */ = {isa = PBXBuildFile; fileRef = 526B748E25AD789C00E212B7 /* HistoryView.swift */; };
		526B749225AD78A400E212B7 /* InfoView.swift in Sources */ = {isa = PBXBuildFile; fileRef = 526B749125AD78A400E212B7 /* InfoView.swift */; };
		526B749725ADAA2200E212B7 /* History.swift in Sources */ = {isa = PBXBuildFile; fileRef = 526B749625ADAA2200E212B7 /* History.swift */; };
		526B749B25ADAB0500E212B7 /* ApiRequests.swift in Sources */ = {isa = PBXBuildFile; fileRef = 526B749A25ADAB0500E212B7 /* ApiRequests.swift */; };
/* End PBXBuildFile section */

/* Begin PBXFileReference section */
		5220429325AD6FEC00D569E0 /* ShortMe.app */ = {isa = PBXFileReference; explicitFileType = wrapper.application; includeInIndex = 0; path = ShortMe.app; sourceTree = BUILT_PRODUCTS_DIR; };
		5220429625AD6FEC00D569E0 /* ShortMeApp.swift */ = {isa = PBXFileReference; lastKnownFileType = sourcecode.swift; path = ShortMeApp.swift; sourceTree = "<group>"; };
		5220429825AD6FEC00D569E0 /* ContentView.swift */ = {isa = PBXFileReference; lastKnownFileType = sourcecode.swift; path = ContentView.swift; sourceTree = "<group>"; };
		5220429A25AD6FEC00D569E0 /* Assets.xcassets */ = {isa = PBXFileReference; lastKnownFileType = folder.assetcatalog; path = Assets.xcassets; sourceTree = "<group>"; };
		5220429D25AD6FEC00D569E0 /* Preview Assets.xcassets */ = {isa = PBXFileReference; lastKnownFileType = folder.assetcatalog; path = "Preview Assets.xcassets"; sourceTree = "<group>"; };
		5220429F25AD6FED00D569E0 /* Info.plist */ = {isa = PBXFileReference; lastKnownFileType = text.plist.xml; path = Info.plist; sourceTree = "<group>"; };
		526B748B25AD784A00E212B7 /* ShortMeView.swift */ = {isa = PBXFileReference; lastKnownFileType = sourcecode.swift; path = ShortMeView.swift; sourceTree = "<group>"; };
		526B748E25AD789C00E212B7 /* HistoryView.swift */ = {isa = PBXFileReference; lastKnownFileType = sourcecode.swift; path = HistoryView.swift; sourceTree = "<group>"; };
		526B749125AD78A400E212B7 /* InfoView.swift */ = {isa = PBXFileReference; lastKnownFileType = sourcecode.swift; path = InfoView.swift; sourceTree = "<group>"; };
		526B749625ADAA2200E212B7 /* History.swift */ = {isa = PBXFileReference; lastKnownFileType = sourcecode.swift; path = History.swift; sourceTree = "<group>"; };
		526B749A25ADAB0500E212B7 /* ApiRequests.swift */ = {isa = PBXFileReference; lastKnownFileType = sourcecode.swift; path = ApiRequests.swift; sourceTree = "<group>"; };
		6398889C562376612DBEF17F /* Pods-ShortMe.debug.xcconfig */ = {isa = PBXFileReference; includeInIndex = 1; lastKnownFileType = text.xcconfig; name = "Pods-ShortMe.debug.xcconfig"; path = "Target Support Files/Pods-ShortMe/Pods-ShortMe.debug.xcconfig"; sourceTree = "<group>"; };
		9BE5B447C528D66EA55F6A15 /* Pods-ShortMe.release.xcconfig */ = {isa = PBXFileReference; includeInIndex = 1; lastKnownFileType = text.xcconfig; name = "Pods-ShortMe.release.xcconfig"; path = "Target Support Files/Pods-ShortMe/Pods-ShortMe.release.xcconfig"; sourceTree = "<group>"; };
		B25CAFD7CEC8186AA5C63BD7 /* Pods_ShortMe.framework */ = {isa = PBXFileReference; explicitFileType = wrapper.framework; includeInIndex = 0; path = Pods_ShortMe.framework; sourceTree = BUILT_PRODUCTS_DIR; };
/* End PBXFileReference section */

/* Begin PBXFrameworksBuildPhase section */
		5220429025AD6FEC00D569E0 /* Frameworks */ = {
			isa = PBXFrameworksBuildPhase;
			buildActionMask = 2147483647;
			files = (
				4EFC980B0829E05BE6ECA34F /* Pods_ShortMe.framework in Frameworks */,
			);
			runOnlyForDeploymentPostprocessing = 0;
		};
/* End PBXFrameworksBuildPhase section */

/* Begin PBXGroup section */
		2E3A5516C3D0F8252F108AC9 /* Frameworks */ = {
			isa = PBXGroup;
			children = (
				B25CAFD7CEC8186AA5C63BD7 /* Pods_ShortMe.framework */,
			);
			name = Frameworks;
			sourceTree = "<group>";
		};
		5220428A25AD6FEC00D569E0 = {
			isa = PBXGroup;
			children = (
				5220429525AD6FEC00D569E0 /* ShortMe */,
				5220429425AD6FEC00D569E0 /* Products */,
				72320BA09C9E5A76C1A1B8A4 /* Pods */,
				2E3A5516C3D0F8252F108AC9 /* Frameworks */,
			);
			sourceTree = "<group>";
		};
		5220429425AD6FEC00D569E0 /* Products */ = {
			isa = PBXGroup;
			children = (
				5220429325AD6FEC00D569E0 /* ShortMe.app */,
			);
			name = Products;
			sourceTree = "<group>";
		};
		5220429525AD6FEC00D569E0 /* ShortMe */ = {
			isa = PBXGroup;
			children = (
				526B749525ADAA0D00E212B7 /* Models */,
				5220429625AD6FEC00D569E0 /* ShortMeApp.swift */,
				5220429825AD6FEC00D569E0 /* ContentView.swift */,
				526B748B25AD784A00E212B7 /* ShortMeView.swift */,
				526B748E25AD789C00E212B7 /* HistoryView.swift */,
				526B749125AD78A400E212B7 /* InfoView.swift */,
				5220429A25AD6FEC00D569E0 /* Assets.xcassets */,
				5220429F25AD6FED00D569E0 /* Info.plist */,
				5220429C25AD6FEC00D569E0 /* Preview Content */,
				526B749A25ADAB0500E212B7 /* ApiRequests.swift */,
			);
			path = ShortMe;
			sourceTree = "<group>";
		};
		5220429C25AD6FEC00D569E0 /* Preview Content */ = {
			isa = PBXGroup;
			children = (
				5220429D25AD6FEC00D569E0 /* Preview Assets.xcassets */,
			);
			path = "Preview Content";
			sourceTree = "<group>";
		};
		526B749525ADAA0D00E212B7 /* Models */ = {
			isa = PBXGroup;
			children = (
				526B749625ADAA2200E212B7 /* History.swift */,
			);
			path = Models;
			sourceTree = "<group>";
		};
		72320BA09C9E5A76C1A1B8A4 /* Pods */ = {
			isa = PBXGroup;
			children = (
				6398889C562376612DBEF17F /* Pods-ShortMe.debug.xcconfig */,
				9BE5B447C528D66EA55F6A15 /* Pods-ShortMe.release.xcconfig */,
			);
			path = Pods;
			sourceTree = "<group>";
		};
/* End PBXGroup section */

/* Begin PBXNativeTarget section */
		5220429225AD6FEC00D569E0 /* ShortMe */ = {
			isa = PBXNativeTarget;
			buildConfigurationList = 522042A225AD6FED00D569E0 /* Build configuration list for PBXNativeTarget "ShortMe" */;
			buildPhases = (
				C49948463137EC39818EE041 /* [CP] Check Pods Manifest.lock */,
				5220428F25AD6FEC00D569E0 /* Sources */,
				5220429025AD6FEC00D569E0 /* Frameworks */,
				5220429125AD6FEC00D569E0 /* Resources */,
				781EBC5AB46BAD3B2C64E7D0 /* [CP] Embed Pods Frameworks */,
			);
			buildRules = (
			);
			dependencies = (
			);
			name = ShortMe;
			productName = ShortMe;
			productReference = 5220429325AD6FEC00D569E0 /* ShortMe.app */;
			productType = "com.apple.product-type.application";
		};
/* End PBXNativeTarget section */

/* Begin PBXProject section */
		5220428B25AD6FEC00D569E0 /* Project object */ = {
			isa = PBXProject;
			attributes = {
				LastSwiftUpdateCheck = 1230;
				LastUpgradeCheck = 1230;
				TargetAttributes = {
					5220429225AD6FEC00D569E0 = {
						CreatedOnToolsVersion = 12.3;
					};
				};
			};
			buildConfigurationList = 5220428E25AD6FEC00D569E0 /* Build configuration list for PBXProject "ShortMe" */;
			compatibilityVersion = "Xcode 9.3";
			developmentRegion = en;
			hasScannedForEncodings = 0;
			knownRegions = (
				en,
				Base,
			);
			mainGroup = 5220428A25AD6FEC00D569E0;
			productRefGroup = 5220429425AD6FEC00D569E0 /* Products */;
			projectDirPath = "";
			projectRoot = "";
			targets = (
				5220429225AD6FEC00D569E0 /* ShortMe */,
			);
		};
/* End PBXProject section */

/* Begin PBXResourcesBuildPhase section */
		5220429125AD6FEC00D569E0 /* Resources */ = {
			isa = PBXResourcesBuildPhase;
			buildActionMask = 2147483647;
			files = (
				5220429E25AD6FEC00D569E0 /* Preview Assets.xcassets in Resources */,
				5220429B25AD6FEC00D569E0 /* Assets.xcassets in Resources */,
			);
			runOnlyForDeploymentPostprocessing = 0;
		};
/* End PBXResourcesBuildPhase section */

/* Begin PBXShellScriptBuildPhase section */
		781EBC5AB46BAD3B2C64E7D0 /* [CP] Embed Pods Frameworks */ = {
			isa = PBXShellScriptBuildPhase;
			buildActionMask = 2147483647;
			files = (
			);
			inputFileListPaths = (
				"${PODS_ROOT}/Target Support Files/Pods-ShortMe/Pods-ShortMe-frameworks-${CONFIGURATION}-input-files.xcfilelist",
			);
			name = "[CP] Embed Pods Frameworks";
			outputFileListPaths = (
				"${PODS_ROOT}/Target Support Files/Pods-ShortMe/Pods-ShortMe-frameworks-${CONFIGURATION}-output-files.xcfilelist",
			);
			runOnlyForDeploymentPostprocessing = 0;
			shellPath = /bin/sh;
			shellScript = "\"${PODS_ROOT}/Target Support Files/Pods-ShortMe/Pods-ShortMe-frameworks.sh\"\n";
			showEnvVarsInLog = 0;
		};
		C49948463137EC39818EE041 /* [CP] Check Pods Manifest.lock */ = {
			isa = PBXShellScriptBuildPhase;
			buildActionMask = 2147483647;
			files = (
			);
			inputFileListPaths = (
			);
			inputPaths = (
				"${PODS_PODFILE_DIR_PATH}/Podfile.lock",
				"${PODS_ROOT}/Manifest.lock",
			);
			name = "[CP] Check Pods Manifest.lock";
			outputFileListPaths = (
			);
			outputPaths = (
				"$(DERIVED_FILE_DIR)/Pods-ShortMe-checkManifestLockResult.txt",
			);
			runOnlyForDeploymentPostprocessing = 0;
			shellPath = /bin/sh;
			shellScript = "diff \"${PODS_PODFILE_DIR_PATH}/Podfile.lock\" \"${PODS_ROOT}/Manifest.lock\" > /dev/null\nif [ $? != 0 ] ; then\n    # print error to STDERR\n    echo \"error: The sandbox is not in sync with the Podfile.lock. Run 'pod install' or update your CocoaPods installation.\" >&2\n    exit 1\nfi\n# This output is used by Xcode 'outputs' to avoid re-running this script phase.\necho \"SUCCESS\" > \"${SCRIPT_OUTPUT_FILE_0}\"\n";
			showEnvVarsInLog = 0;
		};
/* End PBXShellScriptBuildPhase section */

/* Begin PBXSourcesBuildPhase section */
		5220428F25AD6FEC00D569E0 /* Sources */ = {
			isa = PBXSourcesBuildPhase;
			buildActionMask = 2147483647;
			files = (
				526B749725ADAA2200E212B7 /* History.swift in Sources */,
				5220429925AD6FEC00D569E0 /* ContentView.swift in Sources */,
				526B748F25AD789C00E212B7 /* HistoryView.swift in Sources */,
				526B749B25ADAB0500E212B7 /* ApiRequests.swift in Sources */,
				5220429725AD6FEC00D569E0 /* ShortMeApp.swift in Sources */,
				526B749225AD78A400E212B7 /* InfoView.swift in Sources */,
				526B748C25AD784A00E212B7 /* ShortMeView.swift in Sources */,
			);
			runOnlyForDeploymentPostprocessing = 0;
		};
/* End PBXSourcesBuildPhase section */

/* Begin XCBuildConfiguration section */
		522042A025AD6FED00D569E0 /* Debug */ = {
			isa = XCBuildConfiguration;
			buildSettings = {
				ALWAYS_SEARCH_USER_PATHS = NO;
				CLANG_ANALYZER_NONNULL = YES;
				CLANG_ANALYZER_NUMBER_OBJECT_CONVERSION = YES_AGGRESSIVE;
				CLANG_CXX_LANGUAGE_STANDARD = "gnu++14";
				CLANG_CXX_LIBRARY = "libc++";
				CLANG_ENABLE_MODULES = YES;
				CLANG_ENABLE_OBJC_ARC = YES;
				CLANG_ENABLE_OBJC_WEAK = YES;
				CLANG_WARN_BLOCK_CAPTURE_AUTORELEASING = YES;
				CLANG_WARN_BOOL_CONVERSION = YES;
				CLANG_WARN_COMMA = YES;
				CLANG_WARN_CONSTANT_CONVERSION = YES;
				CLANG_WARN_DEPRECATED_OBJC_IMPLEMENTATIONS = YES;
				CLANG_WARN_DIRECT_OBJC_ISA_USAGE = YES_ERROR;
				CLANG_WARN_DOCUMENTATION_COMMENTS = YES;
				CLANG_WARN_EMPTY_BODY = YES;
				CLANG_WARN_ENUM_CONVERSION = YES;
				CLANG_WARN_INFINITE_RECURSION = YES;
				CLANG_WARN_INT_CONVERSION = YES;
				CLANG_WARN_NON_LITERAL_NULL_CONVERSION = YES;
				CLANG_WARN_OBJC_IMPLICIT_RETAIN_SELF = YES;
				CLANG_WARN_OBJC_LITERAL_CONVERSION = YES;
				CLANG_WARN_OBJC_ROOT_CLASS = YES_ERROR;
				CLANG_WARN_QUOTED_INCLUDE_IN_FRAMEWORK_HEADER = YES;
				CLANG_WARN_RANGE_LOOP_ANALYSIS = YES;
				CLANG_WARN_STRICT_PROTOTYPES = YES;
				CLANG_WARN_SUSPICIOUS_MOVE = YES;
				CLANG_WARN_UNGUARDED_AVAILABILITY = YES_AGGRESSIVE;
				CLANG_WARN_UNREACHABLE_CODE = YES;
				CLANG_WARN__DUPLICATE_METHOD_MATCH = YES;
				COPY_PHASE_STRIP = NO;
				DEBUG_INFORMATION_FORMAT = dwarf;
				ENABLE_STRICT_OBJC_MSGSEND = YES;
				ENABLE_TESTABILITY = YES;
				GCC_C_LANGUAGE_STANDARD = gnu11;
				GCC_DYNAMIC_NO_PIC = NO;
				GCC_NO_COMMON_BLOCKS = YES;
				GCC_OPTIMIZATION_LEVEL = 0;
				GCC_PREPROCESSOR_DEFINITIONS = (
					"DEBUG=1",
					"$(inherited)",
				);
				GCC_WARN_64_TO_32_BIT_CONVERSION = YES;
				GCC_WARN_ABOUT_RETURN_TYPE = YES_ERROR;
				GCC_WARN_UNDECLARED_SELECTOR = YES;
				GCC_WARN_UNINITIALIZED_AUTOS = YES_AGGRESSIVE;
				GCC_WARN_UNUSED_FUNCTION = YES;
				GCC_WARN_UNUSED_VARIABLE = YES;
				IPHONEOS_DEPLOYMENT_TARGET = 13.0;
				MTL_ENABLE_DEBUG_INFO = INCLUDE_SOURCE;
				MTL_FAST_MATH = YES;
				ONLY_ACTIVE_ARCH = YES;
				SDKROOT = iphoneos;
				SWIFT_ACTIVE_COMPILATION_CONDITIONS = DEBUG;
				SWIFT_OPTIMIZATION_LEVEL = "-Onone";
			};
			name = Debug;
		};
		522042A125AD6FED00D569E0 /* Release */ = {
			isa = XCBuildConfiguration;
			buildSettings = {
				ALWAYS_SEARCH_USER_PATHS = NO;
				CLANG_ANALYZER_NONNULL = YES;
				CLANG_ANALYZER_NUMBER_OBJECT_CONVERSION = YES_AGGRESSIVE;
				CLANG_CXX_LANGUAGE_STANDARD = "gnu++14";
				CLANG_CXX_LIBRARY = "libc++";
				CLANG_ENABLE_MODULES = YES;
				CLANG_ENABLE_OBJC_ARC = YES;
				CLANG_ENABLE_OBJC_WEAK = YES;
				CLANG_WARN_BLOCK_CAPTURE_AUTORELEASING = YES;
				CLANG_WARN_BOOL_CONVERSION = YES;
				CLANG_WARN_COMMA = YES;
				CLANG_WARN_CONSTANT_CONVERSION = YES;
				CLANG_WARN_DEPRECATED_OBJC_IMPLEMENTATIONS = YES;
				CLANG_WARN_DIRECT_OBJC_ISA_USAGE = YES_ERROR;
				CLANG_WARN_DOCUMENTATION_COMMENTS = YES;
				CLANG_WARN_EMPTY_BODY = YES;
				CLANG_WARN_ENUM_CONVERSION = YES;
				CLANG_WARN_INFINITE_RECURSION = YES;
				CLANG_WARN_INT_CONVERSION = YES;
				CLANG_WARN_NON_LITERAL_NULL_CONVERSION = YES;
				CLANG_WARN_OBJC_IMPLICIT_RETAIN_SELF = YES;
				CLANG_WARN_OBJC_LITERAL_CONVERSION = YES;
				CLANG_WARN_OBJC_ROOT_CLASS = YES_ERROR;
				CLANG_WARN_QUOTED_INCLUDE_IN_FRAMEWORK_HEADER = YES;
				CLANG_WARN_RANGE_LOOP_ANALYSIS = YES;
				CLANG_WARN_STRICT_PROTOTYPES = YES;
				CLANG_WARN_SUSPICIOUS_MOVE = YES;
				CLANG_WARN_UNGUARDED_AVAILABILITY = YES_AGGRESSIVE;
				CLANG_WARN_UNREACHABLE_CODE = YES;
				CLANG_WARN__DUPLICATE_METHOD_MATCH = YES;
				COPY_PHASE_STRIP = NO;
				DEBUG_INFORMATION_FORMAT = "dwarf-with-dsym";
				ENABLE_NS_ASSERTIONS = NO;
				ENABLE_STRICT_OBJC_MSGSEND = YES;
				GCC_C_LANGUAGE_STANDARD = gnu11;
				GCC_NO_COMMON_BLOCKS = YES;
				GCC_WARN_64_TO_32_BIT_CONVERSION = YES;
				GCC_WARN_ABOUT_RETURN_TYPE = YES_ERROR;
				GCC_WARN_UNDECLARED_SELECTOR = YES;
				GCC_WARN_UNINITIALIZED_AUTOS = YES_AGGRESSIVE;
				GCC_WARN_UNUSED_FUNCTION = YES;
				GCC_WARN_UNUSED_VARIABLE = YES;
				IPHONEOS_DEPLOYMENT_TARGET = 13.0;
				MTL_ENABLE_DEBUG_INFO = NO;
				MTL_FAST_MATH = YES;
				SDKROOT = iphoneos;
				SWIFT_COMPILATION_MODE = wholemodule;
				SWIFT_OPTIMIZATION_LEVEL = "-O";
				VALIDATE_PRODUCT = YES;
			};
			name = Release;
		};
		522042A325AD6FED00D569E0 /* Debug */ = {
			isa = XCBuildConfiguration;
			baseConfigurationReference = 6398889C562376612DBEF17F /* Pods-ShortMe.debug.xcconfig */;
			buildSettings = {
				ASSETCATALOG_COMPILER_APPICON_NAME = AppIcon;
				ASSETCATALOG_COMPILER_GLOBAL_ACCENT_COLOR_NAME = AccentColor;
				CODE_SIGN_STYLE = Automatic;
				CURRENT_PROJECT_VERSION = 1040;
				DEVELOPMENT_ASSET_PATHS = "\"ShortMe/Preview Content\"";
				DEVELOPMENT_TEAM = 6F64QLA4FZ;
				ENABLE_PREVIEWS = YES;
				INFOPLIST_FILE = ShortMe/Info.plist;
				IPHONEOS_DEPLOYMENT_TARGET = 14.0;
				LD_RUNPATH_SEARCH_PATHS = (
					"$(inherited)",
					"@executable_path/Frameworks",
				);
				MARKETING_VERSION = 1.0.4;
				PRODUCT_BUNDLE_IDENTIFIER = app.gco.shortme;
				PRODUCT_NAME = "$(TARGET_NAME)";
				SWIFT_VERSION = 5.0;
				TARGETED_DEVICE_FAMILY = "1,2";
			};
			name = Debug;
		};
		522042A425AD6FED00D569E0 /* Release */ = {
			isa = XCBuildConfiguration;
			baseConfigurationReference = 9BE5B447C528D66EA55F6A15 /* Pods-ShortMe.release.xcconfig */;
			buildSettings = {
				ASSETCATALOG_COMPILER_APPICON_NAME = AppIcon;
				ASSETCATALOG_COMPILER_GLOBAL_ACCENT_COLOR_NAME = AccentColor;
				CODE_SIGN_STYLE = Automatic;
				CURRENT_PROJECT_VERSION = 1040;
				DEVELOPMENT_ASSET_PATHS = "\"ShortMe/Preview Content\"";
				DEVELOPMENT_TEAM = 6F64QLA4FZ;
				ENABLE_PREVIEWS = YES;
				INFOPLIST_FILE = ShortMe/Info.plist;
				IPHONEOS_DEPLOYMENT_TARGET = 14.0;
				LD_RUNPATH_SEARCH_PATHS = (
					"$(inherited)",
					"@executable_path/Frameworks",
				);
				MARKETING_VERSION = 1.0.4;
				PRODUCT_BUNDLE_IDENTIFIER = app.gco.shortme;
				PRODUCT_NAME = "$(TARGET_NAME)";
				SWIFT_VERSION = 5.0;
				TARGETED_DEVICE_FAMILY = "1,2";
			};
			name = Release;
		};
/* End XCBuildConfiguration section */

/* Begin XCConfigurationList section */
		5220428E25AD6FEC00D569E0 /* Build configuration list for PBXProject "ShortMe" */ = {
			isa = XCConfigurationList;
			buildConfigurations = (
				522042A025AD6FED00D569E0 /* Debug */,
				522042A125AD6FED00D569E0 /* Release */,
			);
			defaultConfigurationIsVisible = 0;
			defaultConfigurationName = Release;
		};
		522042A225AD6FED00D569E0 /* Build configuration list for PBXNativeTarget "ShortMe" */ = {
			isa = XCConfigurationList;
			buildConfigurations = (
				522042A325AD6FED00D569E0 /* Debug */,
				522042A425AD6FED00D569E0 /* Release */,
			);
			defaultConfigurationIsVisible = 0;
			defaultConfigurationName = Release;
		};
/* End XCConfigurationList section */
	};
	rootObject = 5220428B25AD6FEC00D569E0 /* Project object */;
}
